// !$*UTF8*$!
{
	archiveVersion = 1;
	classes = {
	};
	objectVersion = 46;
	objects = {

/* Begin PBXBuildFile section */
		FBA923FE1F34AF9800812832 /* AppDelegate.swift in Sources */ = {isa = PBXBuildFile; fileRef = FBA923FD1F34AF9800812832 /* AppDelegate.swift */; };
		FBA924001F34AF9800812832 /* ViewController.swift in Sources */ = {isa = PBXBuildFile; fileRef = FBA923FF1F34AF9800812832 /* ViewController.swift */; };
		FBA924031F34AF9800812832 /* Main.storyboard in Resources */ = {isa = PBXBuildFile; fileRef = FBA924011F34AF9800812832 /* Main.storyboard */; };
		FBA924051F34AF9800812832 /* Assets.xcassets in Resources */ = {isa = PBXBuildFile; fileRef = FBA924041F34AF9800812832 /* Assets.xcassets */; };
		FBA924081F34AF9800812832 /* LaunchScreen.storyboard in Resources */ = {isa = PBXBuildFile; fileRef = FBA924061F34AF9800812832 /* LaunchScreen.storyboard */; };
		FBA924131F34AF9800812832 /* ELEMENTS_ver_1_0_2Tests.swift in Sources */ = {isa = PBXBuildFile; fileRef = FBA924121F34AF9800812832 /* ELEMENTS_ver_1_0_2Tests.swift */; };
/* End PBXBuildFile section */

/* Begin PBXContainerItemProxy section */
		FBA9240F1F34AF9800812832 /* PBXContainerItemProxy */ = {
			isa = PBXContainerItemProxy;
			containerPortal = FBA923F21F34AF9800812832 /* Project object */;
			proxyType = 1;
			remoteGlobalIDString = FBA923F91F34AF9800812832;
			remoteInfo = "ELEMENTS ver 1.0,2";
		};
/* End PBXContainerItemProxy section */

/* Begin PBXFileReference section */
		FBA923FA1F34AF9800812832 /* ELEMENTS ver 1.0,2.app */ = {isa = PBXFileReference; explicitFileType = wrapper.application; includeInIndex = 0; path = "ELEMENTS ver 1.0,2.app"; sourceTree = BUILT_PRODUCTS_DIR; };
		FBA923FD1F34AF9800812832 /* AppDelegate.swift */ = {isa = PBXFileReference; lastKnownFileType = sourcecode.swift; path = AppDelegate.swift; sourceTree = "<group>"; };
		FBA923FF1F34AF9800812832 /* ViewController.swift */ = {isa = PBXFileReference; lastKnownFileType = sourcecode.swift; path = ViewController.swift; sourceTree = "<group>"; };
		FBA924021F34AF9800812832 /* Base */ = {isa = PBXFileReference; lastKnownFileType = file.storyboard; name = Base; path = Base.lproj/Main.storyboard; sourceTree = "<group>"; };
		FBA924041F34AF9800812832 /* Assets.xcassets */ = {isa = PBXFileReference; lastKnownFileType = folder.assetcatalog; path = Assets.xcassets; sourceTree = "<group>"; };
		FBA924071F34AF9800812832 /* Base */ = {isa = PBXFileReference; lastKnownFileType = file.storyboard; name = Base; path = Base.lproj/LaunchScreen.storyboard; sourceTree = "<group>"; };
		FBA924091F34AF9800812832 /* Info.plist */ = {isa = PBXFileReference; lastKnownFileType = text.plist.xml; path = Info.plist; sourceTree = "<group>"; };
		FBA9240E1F34AF9800812832 /* ELEMENTS ver 1.0,2Tests.xctest */ = {isa = PBXFileReference; explicitFileType = wrapper.cfbundle; includeInIndex = 0; path = "ELEMENTS ver 1.0,2Tests.xctest"; sourceTree = BUILT_PRODUCTS_DIR; };
		FBA924121F34AF9800812832 /* ELEMENTS_ver_1_0_2Tests.swift */ = {isa = PBXFileReference; lastKnownFileType = sourcecode.swift; path = ELEMENTS_ver_1_0_2Tests.swift; sourceTree = "<group>"; };
		FBA924141F34AF9800812832 /* Info.plist */ = {isa = PBXFileReference; lastKnownFileType = text.plist.xml; path = Info.plist; sourceTree = "<group>"; };
/* End PBXFileReference section */

/* Begin PBXFrameworksBuildPhase section */
		FBA923F71F34AF9800812832 /* Frameworks */ = {
			isa = PBXFrameworksBuildPhase;
			buildActionMask = 2147483647;
			files = (
			);
			runOnlyForDeploymentPostprocessing = 0;
		};
		FBA9240B1F34AF9800812832 /* Frameworks */ = {
			isa = PBXFrameworksBuildPhase;
			buildActionMask = 2147483647;
			files = (
			);
			runOnlyForDeploymentPostprocessing = 0;
		};
/* End PBXFrameworksBuildPhase section */

/* Begin PBXGroup section */
		FBA923F11F34AF9800812832 = {
			isa = PBXGroup;
			children = (
				FBA923FC1F34AF9800812832 /* ELEMENTS ver 1.0,2 */,
				FBA924111F34AF9800812832 /* ELEMENTS ver 1.0,2Tests */,
				FBA923FB1F34AF9800812832 /* Products */,
			);
			sourceTree = "<group>";
		};
		FBA923FB1F34AF9800812832 /* Products */ = {
			isa = PBXGroup;
			children = (
				FBA923FA1F34AF9800812832 /* ELEMENTS ver 1.0,2.app */,
				FBA9240E1F34AF9800812832 /* ELEMENTS ver 1.0,2Tests.xctest */,
			);
			name = Products;
			sourceTree = "<group>";
		};
		FBA923FC1F34AF9800812832 /* ELEMENTS ver 1.0,2 */ = {
			isa = PBXGroup;
			children = (
				FBA923FD1F34AF9800812832 /* AppDelegate.swift */,
				FBA923FF1F34AF9800812832 /* ViewController.swift */,
				FBA924011F34AF9800812832 /* Main.storyboard */,
				FBA924041F34AF9800812832 /* Assets.xcassets */,
				FBA924061F34AF9800812832 /* LaunchScreen.storyboard */,
				FBA924091F34AF9800812832 /* Info.plist */,
			);
			path = "ELEMENTS ver 1.0,2";
			sourceTree = "<group>";
		};
		FBA924111F34AF9800812832 /* ELEMENTS ver 1.0,2Tests */ = {
			isa = PBXGroup;
			children = (
				FBA924121F34AF9800812832 /* ELEMENTS_ver_1_0_2Tests.swift */,
				FBA924141F34AF9800812832 /* Info.plist */,
			);
			path = "ELEMENTS ver 1.0,2Tests";
			sourceTree = "<group>";
		};
/* End PBXGroup section */

/* Begin PBXNativeTarget section */
		FBA923F91F34AF9800812832 /* ELEMENTS ver 1.0,2 */ = {
			isa = PBXNativeTarget;
			buildConfigurationList = FBA924171F34AF9800812832 /* Build configuration list for PBXNativeTarget "ELEMENTS ver 1.0,2" */;
			buildPhases = (
				FBA923F61F34AF9800812832 /* Sources */,
				FBA923F71F34AF9800812832 /* Frameworks */,
				FBA923F81F34AF9800812832 /* Resources */,
			);
			buildRules = (
			);
			dependencies = (
			);
			name = "ELEMENTS ver 1.0,2";
			productName = "ELEMENTS ver 1.0,2";
			productReference = FBA923FA1F34AF9800812832 /* ELEMENTS ver 1.0,2.app */;
			productType = "com.apple.product-type.application";
		};
		FBA9240D1F34AF9800812832 /* ELEMENTS ver 1.0,2Tests */ = {
			isa = PBXNativeTarget;
			buildConfigurationList = FBA9241A1F34AF9800812832 /* Build configuration list for PBXNativeTarget "ELEMENTS ver 1.0,2Tests" */;
			buildPhases = (
				FBA9240A1F34AF9800812832 /* Sources */,
				FBA9240B1F34AF9800812832 /* Frameworks */,
				FBA9240C1F34AF9800812832 /* Resources */,
			);
			buildRules = (
			);
			dependencies = (
				FBA924101F34AF9800812832 /* PBXTargetDependency */,
			);
			name = "ELEMENTS ver 1.0,2Tests";
			productName = "ELEMENTS ver 1.0,2Tests";
			productReference = FBA9240E1F34AF9800812832 /* ELEMENTS ver 1.0,2Tests.xctest */;
			productType = "com.apple.product-type.bundle.unit-test";
		};
/* End PBXNativeTarget section */

/* Begin PBXProject section */
		FBA923F21F34AF9800812832 /* Project object */ = {
			isa = PBXProject;
			attributes = {
				LastSwiftUpdateCheck = 0830;
				LastUpgradeCheck = 0830;
				ORGANIZATIONNAME = "Riku Kakuhata";
				TargetAttributes = {
					FBA923F91F34AF9800812832 = {
						CreatedOnToolsVersion = 8.3.2;
						ProvisioningStyle = Automatic;
					};
					FBA9240D1F34AF9800812832 = {
						CreatedOnToolsVersion = 8.3.2;
						ProvisioningStyle = Automatic;
						TestTargetID = FBA923F91F34AF9800812832;
					};
				};
			};
			buildConfigurationList = FBA923F51F34AF9800812832 /* Build configuration list for PBXProject "ELEMENTS ver 1.0,2" */;
			compatibilityVersion = "Xcode 3.2";
			developmentRegion = English;
			hasScannedForEncodings = 0;
			knownRegions = (
				en,
				Base,
			);
			mainGroup = FBA923F11F34AF9800812832;
			productRefGroup = FBA923FB1F34AF9800812832 /* Products */;
			projectDirPath = "";
			projectRoot = "";
			targets = (
				FBA923F91F34AF9800812832 /* ELEMENTS ver 1.0,2 */,
				FBA9240D1F34AF9800812832 /* ELEMENTS ver 1.0,2Tests */,
			);
		};
/* End PBXProject section */

/* Begin PBXResourcesBuildPhase section */
		FBA923F81F34AF9800812832 /* Resources */ = {
			isa = PBXResourcesBuildPhase;
			buildActionMask = 2147483647;
			files = (
				FBA924081F34AF9800812832 /* LaunchScreen.storyboard in Resources */,
				FBA924051F34AF9800812832 /* Assets.xcassets in Resources */,
				FBA924031F34AF9800812832 /* Main.storyboard in Resources */,
			);
			runOnlyForDeploymentPostprocessing = 0;
		};
		FBA9240C1F34AF9800812832 /* Resources */ = {
			isa = PBXResourcesBuildPhase;
			buildActionMask = 2147483647;
			files = (
			);
			runOnlyForDeploymentPostprocessing = 0;
		};
/* End PBXResourcesBuildPhase section */

/* Begin PBXSourcesBuildPhase section */
		FBA923F61F34AF9800812832 /* Sources */ = {
			isa = PBXSourcesBuildPhase;
			buildActionMask = 2147483647;
			files = (
				FBA924001F34AF9800812832 /* ViewController.swift in Sources */,
				FBA923FE1F34AF9800812832 /* AppDelegate.swift in Sources */,
			);
			runOnlyForDeploymentPostprocessing = 0;
		};
		FBA9240A1F34AF9800812832 /* Sources */ = {
			isa = PBXSourcesBuildPhase;
			buildActionMask = 2147483647;
			files = (
				FBA924131F34AF9800812832 /* ELEMENTS_ver_1_0_2Tests.swift in Sources */,
			);
			runOnlyForDeploymentPostprocessing = 0;
		};
/* End PBXSourcesBuildPhase section */

/* Begin PBXTargetDependency section */
		FBA924101F34AF9800812832 /* PBXTargetDependency */ = {
			isa = PBXTargetDependency;
			target = FBA923F91F34AF9800812832 /* ELEMENTS ver 1.0,2 */;
			targetProxy = FBA9240F1F34AF9800812832 /* PBXContainerItemProxy */;
		};
/* End PBXTargetDependency section */

/* Begin PBXVariantGroup section */
		FBA924011F34AF9800812832 /* Main.storyboard */ = {
			isa = PBXVariantGroup;
			children = (
				FBA924021F34AF9800812832 /* Base */,
			);
			name = Main.storyboard;
			sourceTree = "<group>";
		};
		FBA924061F34AF9800812832 /* LaunchScreen.storyboard */ = {
			isa = PBXVariantGroup;
			children = (
				FBA924071F34AF9800812832 /* Base */,
			);
			name = LaunchScreen.storyboard;
			sourceTree = "<group>";
		};
/* End PBXVariantGroup section */

/* Begin XCBuildConfiguration section */
		FBA924151F34AF9800812832 /* Debug */ = {
			isa = XCBuildConfiguration;
			buildSettings = {
				ALWAYS_SEARCH_USER_PATHS = NO;
				CLANG_ANALYZER_NONNULL = YES;
				CLANG_ANALYZER_NUMBER_OBJECT_CONVERSION = YES_AGGRESSIVE;
				CLANG_CXX_LANGUAGE_STANDARD = "gnu++0x";
				CLANG_CXX_LIBRARY = "libc++";
				CLANG_ENABLE_MODULES = YES;
				CLANG_ENABLE_OBJC_ARC = YES;
				CLANG_WARN_BOOL_CONVERSION = YES;
				CLANG_WARN_CONSTANT_CONVERSION = YES;
				CLANG_WARN_DIRECT_OBJC_ISA_USAGE = YES_ERROR;
				CLANG_WARN_DOCUMENTATION_COMMENTS = YES;
				CLANG_WARN_EMPTY_BODY = YES;
				CLANG_WARN_ENUM_CONVERSION = YES;
				CLANG_WARN_INFINITE_RECURSION = YES;
				CLANG_WARN_INT_CONVERSION = YES;
				CLANG_WARN_OBJC_ROOT_CLASS = YES_ERROR;
				CLANG_WARN_SUSPICIOUS_MOVE = YES;
				CLANG_WARN_UNREACHABLE_CODE = YES;
				CLANG_WARN__DUPLICATE_METHOD_MATCH = YES;
				"CODE_SIGN_IDENTITY[sdk=iphoneos*]" = "iPhone Developer";
				COPY_PHASE_STRIP = NO;
				DEBUG_INFORMATION_FORMAT = dwarf;
				ENABLE_STRICT_OBJC_MSGSEND = YES;
				ENABLE_TESTABILITY = YES;
				GCC_C_LANGUAGE_STANDARD = gnu99;
				GCC_DYNAMIC_NO_PIC = NO;
				GCC_NO_COMMON_BLOCKS = YES;
				GCC_OPTIMIZATION_LEVEL = 0;
				GCC_PREPROCESSOR_DEFINITIONS = (
					"DEBUG=1",
					"$(inherited)",
				);
				GCC_WARN_64_TO_32_BIT_CONVERSION = YES;
				GCC_WARN_ABOUT_RETURN_TYPE = YES_ERROR;
				GCC_WARN_UNDECLARED_SELECTOR = YES;
				GCC_WARN_UNINITIALIZED_AUTOS = YES_AGGRESSIVE;
				GCC_WARN_UNUSED_FUNCTION = YES;
				GCC_WARN_UNUSED_VARIABLE = YES;
				IPHONEOS_DEPLOYMENT_TARGET = 10.3;
				MTL_ENABLE_DEBUG_INFO = YES;
				ONLY_ACTIVE_ARCH = YES;
				SDKROOT = iphoneos;
				SWIFT_ACTIVE_COMPILATION_CONDITIONS = DEBUG;
				SWIFT_OPTIMIZATION_LEVEL = "-Onone";
				TARGETED_DEVICE_FAMILY = "1,2";
			};
			name = Debug;
		};
		FBA924161F34AF9800812832 /* Release */ = {
			isa = XCBuildConfiguration;
			buildSettings = {
				ALWAYS_SEARCH_USER_PATHS = NO;
				CLANG_ANALYZER_NONNULL = YES;
				CLANG_ANALYZER_NUMBER_OBJECT_CONVERSION = YES_AGGRESSIVE;
				CLANG_CXX_LANGUAGE_STANDARD = "gnu++0x";
				CLANG_CXX_LIBRARY = "libc++";
				CLANG_ENABLE_MODULES = YES;
				CLANG_ENABLE_OBJC_ARC = YES;
				CLANG_WARN_BOOL_CONVERSION = YES;
				CLANG_WARN_CONSTANT_CONVERSION = YES;
				CLANG_WARN_DIRECT_OBJC_ISA_USAGE = YES_ERROR;
				CLANG_WARN_DOCUMENTATION_COMMENTS = YES;
				CLANG_WARN_EMPTY_BODY = YES;
				CLANG_WARN_ENUM_CONVERSION = YES;
				CLANG_WARN_INFINITE_RECURSION = YES;
				CLANG_WARN_INT_CONVERSION = YES;
				CLANG_WARN_OBJC_ROOT_CLASS = YES_ERROR;
				CLANG_WARN_SUSPICIOUS_MOVE = YES;
				CLANG_WARN_UNREACHABLE_CODE = YES;
				CLANG_WARN__DUPLICATE_METHOD_MATCH = YES;
				"CODE_SIGN_IDENTITY[sdk=iphoneos*]" = "iPhone Developer";
				COPY_PHASE_STRIP = NO;
				DEBUG_INFORMATION_FORMAT = "dwarf-with-dsym";
				ENABLE_NS_ASSERTIONS = NO;
				ENABLE_STRICT_OBJC_MSGSEND = YES;
				GCC_C_LANGUAGE_STANDARD = gnu99;
				GCC_NO_COMMON_BLOCKS = YES;
				GCC_WARN_64_TO_32_BIT_CONVERSION = YES;
				GCC_WARN_ABOUT_RETURN_TYPE = YES_ERROR;
				GCC_WARN_UNDECLARED_SELECTOR = YES;
				GCC_WARN_UNINITIALIZED_AUTOS = YES_AGGRESSIVE;
				GCC_WARN_UNUSED_FUNCTION = YES;
				GCC_WARN_UNUSED_VARIABLE = YES;
				IPHONEOS_DEPLOYMENT_TARGET = 10.3;
				MTL_ENABLE_DEBUG_INFO = NO;
				SDKROOT = iphoneos;
				SWIFT_OPTIMIZATION_LEVEL = "-Owholemodule";
				TARGETED_DEVICE_FAMILY = "1,2";
				VALIDATE_PRODUCT = YES;
			};
			name = Release;
		};
		FBA924181F34AF9800812832 /* Debug */ = {
			isa = XCBuildConfiguration;
			buildSettings = {
				ASSETCATALOG_COMPILER_APPICON_NAME = AppIcon;
				INFOPLIST_FILE = "ELEMENTS ver 1.0,2/Info.plist";
				LD_RUNPATH_SEARCH_PATHS = "$(inherited) @executable_path/Frameworks";
				PRODUCT_BUNDLE_IDENTIFIER = "SEKAI-NO-OWARI.ELEMENTS-ver-1-0-2";
				PRODUCT_NAME = "$(TARGET_NAME)";
				SWIFT_VERSION = 3.0;
			};
			name = Debug;
		};
		FBA924191F34AF9800812832 /* Release */ = {
			isa = XCBuildConfiguration;
			buildSettings = {
				ASSETCATALOG_COMPILER_APPICON_NAME = AppIcon;
				INFOPLIST_FILE = "ELEMENTS ver 1.0,2/Info.plist";
				LD_RUNPATH_SEARCH_PATHS = "$(inherited) @executable_path/Frameworks";
				PRODUCT_BUNDLE_IDENTIFIER = "SEKAI-NO-OWARI.ELEMENTS-ver-1-0-2";
				PRODUCT_NAME = "$(TARGET_NAME)";
				SWIFT_VERSION = 3.0;
			};
			name = Release;
		};
		FBA9241B1F34AF9800812832 /* Debug */ = {
			isa = XCBuildConfiguration;
			buildSettings = {
				ALWAYS_EMBED_SWIFT_STANDARD_LIBRARIES = YES;
				BUNDLE_LOADER = "$(TEST_HOST)";
				INFOPLIST_FILE = "ELEMENTS ver 1.0,2Tests/Info.plist";
				LD_RUNPATH_SEARCH_PATHS = "$(inherited) @executable_path/Frameworks @loader_path/Frameworks";
				PRODUCT_BUNDLE_IDENTIFIER = "SEKAI-NO-OWARI.ELEMENTS-ver-1-0-2Tests";
				PRODUCT_NAME = "$(TARGET_NAME)";
				SWIFT_VERSION = 3.0;
				TEST_HOST = "$(BUILT_PRODUCTS_DIR)/ELEMENTS ver 1.0,2.app/ELEMENTS ver 1.0,2";
			};
			name = Debug;
		};
		FBA9241C1F34AF9800812832 /* Release */ = {
			isa = XCBuildConfiguration;
			buildSettings = {
				ALWAYS_EMBED_SWIFT_STANDARD_LIBRARIES = YES;
				BUNDLE_LOADER = "$(TEST_HOST)";
				INFOPLIST_FILE = "ELEMENTS ver 1.0,2Tests/Info.plist";
				LD_RUNPATH_SEARCH_PATHS = "$(inherited) @executable_path/Frameworks @loader_path/Frameworks";
				PRODUCT_BUNDLE_IDENTIFIER = "SEKAI-NO-OWARI.ELEMENTS-ver-1-0-2Tests";
				PRODUCT_NAME = "$(TARGET_NAME)";
				SWIFT_VERSION = 3.0;
				TEST_HOST = "$(BUILT_PRODUCTS_DIR)/ELEMENTS ver 1.0,2.app/ELEMENTS ver 1.0,2";
			};
			name = Release;
		};
/* End XCBuildConfiguration section */

/* Begin XCConfigurationList section */
		FBA923F51F34AF9800812832 /* Build configuration list for PBXProject "ELEMENTS ver 1.0,2" */ = {
			isa = XCConfigurationList;
			buildConfigurations = (
				FBA924151F34AF9800812832 /* Debug */,
				FBA924161F34AF9800812832 /* Release */,
			);
			defaultConfigurationIsVisible = 0;
			defaultConfigurationName = Release;
		};
		FBA924171F34AF9800812832 /* Build configuration list for PBXNativeTarget "ELEMENTS ver 1.0,2" */ = {
			isa = XCConfigurationList;
			buildConfigurations = (
				FBA924181F34AF9800812832 /* Debug */,
				FBA924191F34AF9800812832 /* Release */,
			);
			defaultConfigurationIsVisible = 0;
		};
		FBA9241A1F34AF9800812832 /* Build configuration list for PBXNativeTarget "ELEMENTS ver 1.0,2Tests" */ = {
			isa = XCConfigurationList;
			buildConfigurations = (
				FBA9241B1F34AF9800812832 /* Debug */,
				FBA9241C1F34AF9800812832 /* Release */,
			);
			defaultConfigurationIsVisible = 0;
		};
/* End XCConfigurationList section */
	};
	rootObject = FBA923F21F34AF9800812832 /* Project object */;
}
